
Microsoft Visual Studio Solution File, Format Version 12.00
# Visual Studio Version 17
VisualStudioVersion = 17.14.36301.6
MinimumVisualStudioVersion = 10.0.40219.1
Project("{FAE04EC0-301F-11D3-BF4B-00C04F79EFBC}") = "OnlinePizzaRestaurantWebApp", "OnlinePizzaRestaurantWebApp\OnlinePizzaRestaurantWebApp.csproj", "{A68DB12A-6A74-4902-B82D-6CA188568DEF}"
EndProject
Project("{FAE04EC0-301F-11D3-BF4B-00C04F79EFBC}") = "DBlayer", "DBlayer\DBlayer.csproj", "{2D1FE553-4E63-42E0-B220-458C74328A36}"
EndProject
Global
	GlobalSection(SolutionConfigurationPlatforms) = preSolution
		Debug|Any CPU = Debug|Any CPU
		Release|Any CPU = Release|Any CPU
	EndGlobalSection
	GlobalSection(ProjectConfigurationPlatforms) = postSolution
		{A68DB12A-6A74-4902-B82D-6CA188568DEF}.Debug|Any CPU.ActiveCfg = Debug|Any CPU
		{A68DB12A-6A74-4902-B82D-6CA188568DEF}.Debug|Any CPU.Build.0 = Debug|Any CPU
		{A68DB12A-6A74-4902-B82D-6CA188568DEF}.Release|Any CPU.ActiveCfg = Release|Any CPU
		{A68DB12A-6A74-4902-B82D-6CA188568DEF}.Release|Any CPU.Build.0 = Release|Any CPU
		{2D1FE553-4E63-42E0-B220-458C74328A36}.Debug|Any CPU.ActiveCfg = Debug|Any CPU
		{2D1FE553-4E63-42E0-B220-458C74328A36}.Debug|Any CPU.Build.0 = Debug|Any CPU
		{2D1FE553-4E63-42E0-B220-458C74328A36}.Release|Any CPU.ActiveCfg = Release|Any CPU
		{2D1FE553-4E63-42E0-B220-458C74328A36}.Release|Any CPU.Build.0 = Release|Any CPU
	EndGlobalSection
	GlobalSection(SolutionProperties) = preSolution
		HideSolutionNode = FALSE
	EndGlobalSection
	GlobalSection(ExtensibilityGlobals) = postSolution
		SolutionGuid = {8DD43DEE-DE0C-4A5B-A532-B65166F1F097}
	EndGlobalSection
EndGlobal
